
Microsoft Visual Studio Solution File, Format Version 12.00
# Visual Studio Version 17
VisualStudioVersion = 17.9.34622.214
MinimumVisualStudioVersion = 10.0.40219.1
Project("{FAE04EC0-301F-11D3-BF4B-00C04F79EFBC}") = "1150080143_VoAnhKiet_Lab3_TH1", "1150080143_VoAnhKiet_Lab3_TH1\1150080143_VoAnhKiet_Lab3_TH1.csproj", "{322CB2CE-2952-410B-A632-602B3CB5A303}"
EndProject
Global
	GlobalSection(SolutionConfigurationPlatforms) = preSolution
		Debug|Any CPU = Debug|Any CPU
		Release|Any CPU = Release|Any CPU
	EndGlobalSection
	GlobalSection(ProjectConfigurationPlatforms) = postSolution
		{322CB2CE-2952-410B-A632-602B3CB5A303}.Debug|Any CPU.ActiveCfg = Debug|Any CPU
		{322CB2CE-2952-410B-A632-602B3CB5A303}.Debug|Any CPU.Build.0 = Debug|Any CPU
		{322CB2CE-2952-410B-A632-602B3CB5A303}.Release|Any CPU.ActiveCfg = Release|Any CPU
		{322CB2CE-2952-410B-A632-602B3CB5A303}.Release|Any CPU.Build.0 = Release|Any CPU
	EndGlobalSection
	GlobalSection(SolutionProperties) = preSolution
		HideSolutionNode = FALSE
	EndGlobalSection
	GlobalSection(ExtensibilityGlobals) = postSolution
		SolutionGuid = {75F8B466-1C83-4153-9AA5-8310D5BF5EC4}
	EndGlobalSection
EndGlobal
