
Microsoft Visual Studio Solution File, Format Version 12.00
# Visual Studio Version 17
VisualStudioVersion = 17.9.34622.214
MinimumVisualStudioVersion = 10.0.40219.1
Project("{FAE04EC0-301F-11D3-BF4B-00C04F79EFBC}") = "1150080143_VoAnhKiet_Lab3_ThucHanh2", "1150080143_VoAnhKiet_Lab3_ThucHanh2\1150080143_VoAnhKiet_Lab3_ThucHanh2.csproj", "{17944E69-6365-4859-9DFA-7D4B0741AAF5}"
EndProject
Global
	GlobalSection(SolutionConfigurationPlatforms) = preSolution
		Debug|Any CPU = Debug|Any CPU
		Release|Any CPU = Release|Any CPU
	EndGlobalSection
	GlobalSection(ProjectConfigurationPlatforms) = postSolution
		{17944E69-6365-4859-9DFA-7D4B0741AAF5}.Debug|Any CPU.ActiveCfg = Debug|Any CPU
		{17944E69-6365-4859-9DFA-7D4B0741AAF5}.Debug|Any CPU.Build.0 = Debug|Any CPU
		{17944E69-6365-4859-9DFA-7D4B0741AAF5}.Release|Any CPU.ActiveCfg = Release|Any CPU
		{17944E69-6365-4859-9DFA-7D4B0741AAF5}.Release|Any CPU.Build.0 = Release|Any CPU
	EndGlobalSection
	GlobalSection(SolutionProperties) = preSolution
		HideSolutionNode = FALSE
	EndGlobalSection
	GlobalSection(ExtensibilityGlobals) = postSolution
		SolutionGuid = {11B532FF-9EDC-481A-B90C-51C837F4C682}
	EndGlobalSection
EndGlobal
